
Microsoft Visual Studio Solution File, Format Version 12.00
Project("{FAE04EC0-301F-11D3-BF4B-00C04F79EFBC}") = "TPSBackend", "TPSBackend\TPSBackend.csproj", "{2CAEC69E-A1BD-4B62-9EEB-EA54E5A66C01}"
EndProject
Global
	GlobalSection(SolutionConfigurationPlatforms) = preSolution
		Debug|Any CPU = Debug|Any CPU
		Release|Any CPU = Release|Any CPU
	EndGlobalSection
	GlobalSection(ProjectConfigurationPlatforms) = postSolution
		{2CAEC69E-A1BD-4B62-9EEB-EA54E5A66C01}.Debug|Any CPU.ActiveCfg = Debug|Any CPU
		{2CAEC69E-A1BD-4B62-9EEB-EA54E5A66C01}.Debug|Any CPU.Build.0 = Debug|Any CPU
		{2CAEC69E-A1BD-4B62-9EEB-EA54E5A66C01}.Release|Any CPU.ActiveCfg = Release|Any CPU
		{2CAEC69E-A1BD-4B62-9EEB-EA54E5A66C01}.Release|Any CPU.Build.0 = Release|Any CPU
	EndGlobalSection
EndGlobal
